// !$*UTF8*$!
{
	archiveVersion = 1;
	classes = {
	};
	objectVersion = 46;
	objects = {

/* Begin PBXBuildFile section */
		81FE5FC61C7970BE002A99CE /* AppDelegate.swift in Sources */ = {isa = PBXBuildFile; fileRef = 81FE5FC51C7970BE002A99CE /* AppDelegate.swift */; };
		81FE5FCB1C7970BE002A99CE /* Main.storyboard in Resources */ = {isa = PBXBuildFile; fileRef = 81FE5FC91C7970BE002A99CE /* Main.storyboard */; };
		81FE5FCD1C7970BE002A99CE /* Assets.xcassets in Resources */ = {isa = PBXBuildFile; fileRef = 81FE5FCC1C7970BE002A99CE /* Assets.xcassets */; };
		81FE5FD01C7970BE002A99CE /* LaunchScreen.storyboard in Resources */ = {isa = PBXBuildFile; fileRef = 81FE5FCE1C7970BE002A99CE /* LaunchScreen.storyboard */; };
		81FE5FDB1C79722F002A99CE /* DetailsViewController.swift in Sources */ = {isa = PBXBuildFile; fileRef = 81FE5FDA1C79722F002A99CE /* DetailsViewController.swift */; };
		81FE5FDE1C7972C4002A99CE /* MainTableViewController.swift in Sources */ = {isa = PBXBuildFile; fileRef = 81FE5FDD1C7972C4002A99CE /* MainTableViewController.swift */; };
		81FE5FE51C79776F002A99CE /* image1.jpg in Resources */ = {isa = PBXBuildFile; fileRef = 81FE5FDF1C79776F002A99CE /* image1.jpg */; };
		81FE5FE61C79776F002A99CE /* image2.jpg in Resources */ = {isa = PBXBuildFile; fileRef = 81FE5FE01C79776F002A99CE /* image2.jpg */; };
		81FE5FE71C79776F002A99CE /* image3.jpg in Resources */ = {isa = PBXBuildFile; fileRef = 81FE5FE11C79776F002A99CE /* image3.jpg */; };
		81FE5FE81C79776F002A99CE /* image4.jpg in Resources */ = {isa = PBXBuildFile; fileRef = 81FE5FE21C79776F002A99CE /* image4.jpg */; };
		81FE5FE91C79776F002A99CE /* image5.jpg in Resources */ = {isa = PBXBuildFile; fileRef = 81FE5FE31C79776F002A99CE /* image5.jpg */; };
		81FE5FEA1C79776F002A99CE /* image6.jpg in Resources */ = {isa = PBXBuildFile; fileRef = 81FE5FE41C79776F002A99CE /* image6.jpg */; };
		81FE5FF11C797778002A99CE /* sound1.mp3 in Resources */ = {isa = PBXBuildFile; fileRef = 81FE5FEB1C797778002A99CE /* sound1.mp3 */; };
		81FE5FF21C797778002A99CE /* sound2.mp3 in Resources */ = {isa = PBXBuildFile; fileRef = 81FE5FEC1C797778002A99CE /* sound2.mp3 */; };
		81FE5FF31C797778002A99CE /* sound3.mp3 in Resources */ = {isa = PBXBuildFile; fileRef = 81FE5FED1C797778002A99CE /* sound3.mp3 */; };
		81FE5FF41C797778002A99CE /* sound4.mp3 in Resources */ = {isa = PBXBuildFile; fileRef = 81FE5FEE1C797778002A99CE /* sound4.mp3 */; };
		81FE5FF51C797778002A99CE /* sound5.mp3 in Resources */ = {isa = PBXBuildFile; fileRef = 81FE5FEF1C797778002A99CE /* sound5.mp3 */; };
		81FE5FF61C797778002A99CE /* sound6.mp3 in Resources */ = {isa = PBXBuildFile; fileRef = 81FE5FF01C797778002A99CE /* sound6.mp3 */; };
/* End PBXBuildFile section */

/* Begin PBXFileReference section */
		81FE5FC21C7970BE002A99CE /* myMusicPlayer.app */ = {isa = PBXFileReference; explicitFileType = wrapper.application; includeInIndex = 0; path = myMusicPlayer.app; sourceTree = BUILT_PRODUCTS_DIR; };
		81FE5FC51C7970BE002A99CE /* AppDelegate.swift */ = {isa = PBXFileReference; lastKnownFileType = sourcecode.swift; path = AppDelegate.swift; sourceTree = "<group>"; };
		81FE5FCA1C7970BE002A99CE /* Base */ = {isa = PBXFileReference; lastKnownFileType = file.storyboard; name = Base; path = Base.lproj/Main.storyboard; sourceTree = "<group>"; };
		81FE5FCC1C7970BE002A99CE /* Assets.xcassets */ = {isa = PBXFileReference; lastKnownFileType = folder.assetcatalog; path = Assets.xcassets; sourceTree = "<group>"; };
		81FE5FCF1C7970BE002A99CE /* Base */ = {isa = PBXFileReference; lastKnownFileType = file.storyboard; name = Base; path = Base.lproj/LaunchScreen.storyboard; sourceTree = "<group>"; };
		81FE5FD11C7970BE002A99CE /* Info.plist */ = {isa = PBXFileReference; lastKnownFileType = text.plist.xml; path = Info.plist; sourceTree = "<group>"; };
		81FE5FDA1C79722F002A99CE /* DetailsViewController.swift */ = {isa = PBXFileReference; fileEncoding = 4; lastKnownFileType = sourcecode.swift; path = DetailsViewController.swift; sourceTree = "<group>"; };
		81FE5FDD1C7972C4002A99CE /* MainTableViewController.swift */ = {isa = PBXFileReference; fileEncoding = 4; lastKnownFileType = sourcecode.swift; path = MainTableViewController.swift; sourceTree = "<group>"; };
		81FE5FDF1C79776F002A99CE /* image1.jpg */ = {isa = PBXFileReference; lastKnownFileType = image.jpeg; path = image1.jpg; sourceTree = "<group>"; };
		81FE5FE01C79776F002A99CE /* image2.jpg */ = {isa = PBXFileReference; lastKnownFileType = image.jpeg; path = image2.jpg; sourceTree = "<group>"; };
		81FE5FE11C79776F002A99CE /* image3.jpg */ = {isa = PBXFileReference; lastKnownFileType = image.jpeg; path = image3.jpg; sourceTree = "<group>"; };
		81FE5FE21C79776F002A99CE /* image4.jpg */ = {isa = PBXFileReference; lastKnownFileType = image.jpeg; path = image4.jpg; sourceTree = "<group>"; };
		81FE5FE31C79776F002A99CE /* image5.jpg */ = {isa = PBXFileReference; lastKnownFileType = image.jpeg; path = image5.jpg; sourceTree = "<group>"; };
		81FE5FE41C79776F002A99CE /* image6.jpg */ = {isa = PBXFileReference; lastKnownFileType = image.jpeg; path = image6.jpg; sourceTree = "<group>"; };
		81FE5FEB1C797778002A99CE /* sound1.mp3 */ = {isa = PBXFileReference; lastKnownFileType = audio.mp3; path = sound1.mp3; sourceTree = "<group>"; };
		81FE5FEC1C797778002A99CE /* sound2.mp3 */ = {isa = PBXFileReference; lastKnownFileType = audio.mp3; path = sound2.mp3; sourceTree = "<group>"; };
		81FE5FED1C797778002A99CE /* sound3.mp3 */ = {isa = PBXFileReference; lastKnownFileType = audio.mp3; path = sound3.mp3; sourceTree = "<group>"; };
		81FE5FEE1C797778002A99CE /* sound4.mp3 */ = {isa = PBXFileReference; lastKnownFileType = audio.mp3; path = sound4.mp3; sourceTree = "<group>"; };
		81FE5FEF1C797778002A99CE /* sound5.mp3 */ = {isa = PBXFileReference; lastKnownFileType = audio.mp3; path = sound5.mp3; sourceTree = "<group>"; };
		81FE5FF01C797778002A99CE /* sound6.mp3 */ = {isa = PBXFileReference; lastKnownFileType = audio.mp3; path = sound6.mp3; sourceTree = "<group>"; };
/* End PBXFileReference section */

/* Begin PBXFrameworksBuildPhase section */
		81FE5FBF1C7970BE002A99CE /* Frameworks */ = {
			isa = PBXFrameworksBuildPhase;
			buildActionMask = 2147483647;
			files = (
			);
			runOnlyForDeploymentPostprocessing = 0;
		};
/* End PBXFrameworksBuildPhase section */

/* Begin PBXGroup section */
		81FE5FB91C7970BE002A99CE = {
			isa = PBXGroup;
			children = (
				81FE5FC41C7970BE002A99CE /* myMusicPlayer */,
				81FE5FC31C7970BE002A99CE /* Products */,
			);
			sourceTree = "<group>";
		};
		81FE5FC31C7970BE002A99CE /* Products */ = {
			isa = PBXGroup;
			children = (
				81FE5FC21C7970BE002A99CE /* myMusicPlayer.app */,
			);
			name = Products;
			sourceTree = "<group>";
		};
		81FE5FC41C7970BE002A99CE /* myMusicPlayer */ = {
			isa = PBXGroup;
			children = (
				81FE5FD91C7971D4002A99CE /* controllers */,
				81FE5FDC1C797251002A99CE /* view */,
				81FE5FD81C7971CE002A99CE /* images */,
				81FE5FD71C7971C6002A99CE /* sounds */,
				81FE5FCC1C7970BE002A99CE /* Assets.xcassets */,
				81FE5FCE1C7970BE002A99CE /* LaunchScreen.storyboard */,
				81FE5FD11C7970BE002A99CE /* Info.plist */,
			);
			path = myMusicPlayer;
			sourceTree = "<group>";
		};
		81FE5FD71C7971C6002A99CE /* sounds */ = {
			isa = PBXGroup;
			children = (
				81FE5FEB1C797778002A99CE /* sound1.mp3 */,
				81FE5FEC1C797778002A99CE /* sound2.mp3 */,
				81FE5FED1C797778002A99CE /* sound3.mp3 */,
				81FE5FEE1C797778002A99CE /* sound4.mp3 */,
				81FE5FEF1C797778002A99CE /* sound5.mp3 */,
				81FE5FF01C797778002A99CE /* sound6.mp3 */,
			);
			name = sounds;
			sourceTree = "<group>";
		};
		81FE5FD81C7971CE002A99CE /* images */ = {
			isa = PBXGroup;
			children = (
				81FE5FDF1C79776F002A99CE /* image1.jpg */,
				81FE5FE01C79776F002A99CE /* image2.jpg */,
				81FE5FE11C79776F002A99CE /* image3.jpg */,
				81FE5FE21C79776F002A99CE /* image4.jpg */,
				81FE5FE31C79776F002A99CE /* image5.jpg */,
				81FE5FE41C79776F002A99CE /* image6.jpg */,
			);
			name = images;
			sourceTree = "<group>";
		};
		81FE5FD91C7971D4002A99CE /* controllers */ = {
			isa = PBXGroup;
			children = (
				81FE5FC51C7970BE002A99CE /* AppDelegate.swift */,
				81FE5FDD1C7972C4002A99CE /* MainTableViewController.swift */,
				81FE5FDA1C79722F002A99CE /* DetailsViewController.swift */,
			);
			name = controllers;
			sourceTree = "<group>";
		};
		81FE5FDC1C797251002A99CE /* view */ = {
			isa = PBXGroup;
			children = (
				81FE5FC91C7970BE002A99CE /* Main.storyboard */,
			);
			name = view;
			sourceTree = "<group>";
		};
/* End PBXGroup section */

/* Begin PBXNativeTarget section */
		81FE5FC11C7970BE002A99CE /* myMusicPlayer */ = {
			isa = PBXNativeTarget;
			buildConfigurationList = 81FE5FD41C7970BE002A99CE /* Build configuration list for PBXNativeTarget "myMusicPlayer" */;
			buildPhases = (
				81FE5FBE1C7970BE002A99CE /* Sources */,
				81FE5FBF1C7970BE002A99CE /* Frameworks */,
				81FE5FC01C7970BE002A99CE /* Resources */,
			);
			buildRules = (
			);
			dependencies = (
			);
			name = myMusicPlayer;
			productName = myMusicPlayer;
			productReference = 81FE5FC21C7970BE002A99CE /* myMusicPlayer.app */;
			productType = "com.apple.product-type.application";
		};
/* End PBXNativeTarget section */

/* Begin PBXProject section */
		81FE5FBA1C7970BE002A99CE /* Project object */ = {
			isa = PBXProject;
			attributes = {
				LastSwiftUpdateCheck = 0720;
				LastUpgradeCheck = 0720;
				ORGANIZATIONNAME = Trenx;
				TargetAttributes = {
					81FE5FC11C7970BE002A99CE = {
						CreatedOnToolsVersion = 7.2.1;
						DevelopmentTeam = NUT7SFZWGF;
					};
				};
			};
			buildConfigurationList = 81FE5FBD1C7970BE002A99CE /* Build configuration list for PBXProject "myMusicPlayer" */;
			compatibilityVersion = "Xcode 3.2";
			developmentRegion = English;
			hasScannedForEncodings = 0;
			knownRegions = (
				en,
				Base,
			);
			mainGroup = 81FE5FB91C7970BE002A99CE;
			productRefGroup = 81FE5FC31C7970BE002A99CE /* Products */;
			projectDirPath = "";
			projectRoot = "";
			targets = (
				81FE5FC11C7970BE002A99CE /* myMusicPlayer */,
			);
		};
/* End PBXProject section */

/* Begin PBXResourcesBuildPhase section */
		81FE5FC01C7970BE002A99CE /* Resources */ = {
			isa = PBXResourcesBuildPhase;
			buildActionMask = 2147483647;
			files = (
				81FE5FF41C797778002A99CE /* sound4.mp3 in Resources */,
				81FE5FF11C797778002A99CE /* sound1.mp3 in Resources */,
				81FE5FF21C797778002A99CE /* sound2.mp3 in Resources */,
				81FE5FD01C7970BE002A99CE /* LaunchScreen.storyboard in Resources */,
				81FE5FE91C79776F002A99CE /* image5.jpg in Resources */,
				81FE5FF31C797778002A99CE /* sound3.mp3 in Resources */,
				81FE5FE61C79776F002A99CE /* image2.jpg in Resources */,
				81FE5FE51C79776F002A99CE /* image1.jpg in Resources */,
				81FE5FE71C79776F002A99CE /* image3.jpg in Resources */,
				81FE5FE81C79776F002A99CE /* image4.jpg in Resources */,
				81FE5FF61C797778002A99CE /* sound6.mp3 in Resources */,
				81FE5FF51C797778002A99CE /* sound5.mp3 in Resources */,
				81FE5FEA1C79776F002A99CE /* image6.jpg in Resources */,
				81FE5FCD1C7970BE002A99CE /* Assets.xcassets in Resources */,
				81FE5FCB1C7970BE002A99CE /* Main.storyboard in Resources */,
			);
			runOnlyForDeploymentPostprocessing = 0;
		};
/* End PBXResourcesBuildPhase section */

/* Begin PBXSourcesBuildPhase section */
		81FE5FBE1C7970BE002A99CE /* Sources */ = {
			isa = PBXSourcesBuildPhase;
			buildActionMask = 2147483647;
			files = (
				81FE5FC61C7970BE002A99CE /* AppDelegate.swift in Sources */,
				81FE5FDE1C7972C4002A99CE /* MainTableViewController.swift in Sources */,
				81FE5FDB1C79722F002A99CE /* DetailsViewController.swift in Sources */,
			);
			runOnlyForDeploymentPostprocessing = 0;
		};
/* End PBXSourcesBuildPhase section */

/* Begin PBXVariantGroup section */
		81FE5FC91C7970BE002A99CE /* Main.storyboard */ = {
			isa = PBXVariantGroup;
			children = (
				81FE5FCA1C7970BE002A99CE /* Base */,
			);
			name = Main.storyboard;
			sourceTree = "<group>";
		};
		81FE5FCE1C7970BE002A99CE /* LaunchScreen.storyboard */ = {
			isa = PBXVariantGroup;
			children = (
				81FE5FCF1C7970BE002A99CE /* Base */,
			);
			name = LaunchScreen.storyboard;
			sourceTree = "<group>";
		};
/* End PBXVariantGroup section */

/* Begin XCBuildConfiguration section */
		81FE5FD21C7970BE002A99CE /* Debug */ = {
			isa = XCBuildConfiguration;
			buildSettings = {
				ALWAYS_SEARCH_USER_PATHS = NO;
				CLANG_CXX_LANGUAGE_STANDARD = "gnu++0x";
				CLANG_CXX_LIBRARY = "libc++";
				CLANG_ENABLE_MODULES = YES;
				CLANG_ENABLE_OBJC_ARC = YES;
				CLANG_WARN_BOOL_CONVERSION = YES;
				CLANG_WARN_CONSTANT_CONVERSION = YES;
				CLANG_WARN_DIRECT_OBJC_ISA_USAGE = YES_ERROR;
				CLANG_WARN_EMPTY_BODY = YES;
				CLANG_WARN_ENUM_CONVERSION = YES;
				CLANG_WARN_INT_CONVERSION = YES;
				CLANG_WARN_OBJC_ROOT_CLASS = YES_ERROR;
				CLANG_WARN_UNREACHABLE_CODE = YES;
				CLANG_WARN__DUPLICATE_METHOD_MATCH = YES;
				"CODE_SIGN_IDENTITY[sdk=iphoneos*]" = "iPhone Developer";
				COPY_PHASE_STRIP = NO;
				DEBUG_INFORMATION_FORMAT = dwarf;
				ENABLE_STRICT_OBJC_MSGSEND = YES;
				ENABLE_TESTABILITY = YES;
				GCC_C_LANGUAGE_STANDARD = gnu99;
				GCC_DYNAMIC_NO_PIC = NO;
				GCC_NO_COMMON_BLOCKS = YES;
				GCC_OPTIMIZATION_LEVEL = 0;
				GCC_PREPROCESSOR_DEFINITIONS = (
					"DEBUG=1",
					"$(inherited)",
				);
				GCC_WARN_64_TO_32_BIT_CONVERSION = YES;
				GCC_WARN_ABOUT_RETURN_TYPE = YES_ERROR;
				GCC_WARN_UNDECLARED_SELECTOR = YES;
				GCC_WARN_UNINITIALIZED_AUTOS = YES_AGGRESSIVE;
				GCC_WARN_UNUSED_FUNCTION = YES;
				GCC_WARN_UNUSED_VARIABLE = YES;
				IPHONEOS_DEPLOYMENT_TARGET = 9.2;
				MTL_ENABLE_DEBUG_INFO = YES;
				ONLY_ACTIVE_ARCH = YES;
				SDKROOT = iphoneos;
				SWIFT_OPTIMIZATION_LEVEL = "-Onone";
				TARGETED_DEVICE_FAMILY = "1,2";
			};
			name = Debug;
		};
		81FE5FD31C7970BE002A99CE /* Release */ = {
			isa = XCBuildConfiguration;
			buildSettings = {
				ALWAYS_SEARCH_USER_PATHS = NO;
				CLANG_CXX_LANGUAGE_STANDARD = "gnu++0x";
				CLANG_CXX_LIBRARY = "libc++";
				CLANG_ENABLE_MODULES = YES;
				CLANG_ENABLE_OBJC_ARC = YES;
				CLANG_WARN_BOOL_CONVERSION = YES;
				CLANG_WARN_CONSTANT_CONVERSION = YES;
				CLANG_WARN_DIRECT_OBJC_ISA_USAGE = YES_ERROR;
				CLANG_WARN_EMPTY_BODY = YES;
				CLANG_WARN_ENUM_CONVERSION = YES;
				CLANG_WARN_INT_CONVERSION = YES;
				CLANG_WARN_OBJC_ROOT_CLASS = YES_ERROR;
				CLANG_WARN_UNREACHABLE_CODE = YES;
				CLANG_WARN__DUPLICATE_METHOD_MATCH = YES;
				"CODE_SIGN_IDENTITY[sdk=iphoneos*]" = "iPhone Developer";
				COPY_PHASE_STRIP = NO;
				DEBUG_INFORMATION_FORMAT = "dwarf-with-dsym";
				ENABLE_NS_ASSERTIONS = NO;
				ENABLE_STRICT_OBJC_MSGSEND = YES;
				GCC_C_LANGUAGE_STANDARD = gnu99;
				GCC_NO_COMMON_BLOCKS = YES;
				GCC_WARN_64_TO_32_BIT_CONVERSION = YES;
				GCC_WARN_ABOUT_RETURN_TYPE = YES_ERROR;
				GCC_WARN_UNDECLARED_SELECTOR = YES;
				GCC_WARN_UNINITIALIZED_AUTOS = YES_AGGRESSIVE;
				GCC_WARN_UNUSED_FUNCTION = YES;
				GCC_WARN_UNUSED_VARIABLE = YES;
				IPHONEOS_DEPLOYMENT_TARGET = 9.2;
				MTL_ENABLE_DEBUG_INFO = NO;
				SDKROOT = iphoneos;
				TARGETED_DEVICE_FAMILY = "1,2";
				VALIDATE_PRODUCT = YES;
			};
			name = Release;
		};
		81FE5FD51C7970BE002A99CE /* Debug */ = {
			isa = XCBuildConfiguration;
			buildSettings = {
				ASSETCATALOG_COMPILER_APPICON_NAME = AppIcon;
				INFOPLIST_FILE = myMusicPlayer/Info.plist;
				LD_RUNPATH_SEARCH_PATHS = "$(inherited) @executable_path/Frameworks";
				PRODUCT_BUNDLE_IDENTIFIER = com.gandhi.myMusicPlayer;
				PRODUCT_NAME = "$(TARGET_NAME)";
			};
			name = Debug;
		};
		81FE5FD61C7970BE002A99CE /* Release */ = {
			isa = XCBuildConfiguration;
			buildSettings = {
				ASSETCATALOG_COMPILER_APPICON_NAME = AppIcon;
				INFOPLIST_FILE = myMusicPlayer/Info.plist;
				LD_RUNPATH_SEARCH_PATHS = "$(inherited) @executable_path/Frameworks";
				PRODUCT_BUNDLE_IDENTIFIER = com.gandhi.myMusicPlayer;
				PRODUCT_NAME = "$(TARGET_NAME)";
				SWIFT_OPTIMIZATION_LEVEL = "-Onone";
			};
			name = Release;
		};
/* End XCBuildConfiguration section */

/* Begin XCConfigurationList section */
		81FE5FBD1C7970BE002A99CE /* Build configuration list for PBXProject "myMusicPlayer" */ = {
			isa = XCConfigurationList;
			buildConfigurations = (
				81FE5FD21C7970BE002A99CE /* Debug */,
				81FE5FD31C7970BE002A99CE /* Release */,
			);
			defaultConfigurationIsVisible = 0;
			defaultConfigurationName = Release;
		};
		81FE5FD41C7970BE002A99CE /* Build configuration list for PBXNativeTarget "myMusicPlayer" */ = {
			isa = XCConfigurationList;
			buildConfigurations = (
				81FE5FD51C7970BE002A99CE /* Debug */,
				81FE5FD61C7970BE002A99CE /* Release */,
			);
			defaultConfigurationIsVisible = 0;
			defaultConfigurationName = Release;
		};
/* End XCConfigurationList section */
	};
	rootObject = 81FE5FBA1C7970BE002A99CE /* Project object */;
}
